
Microsoft Visual Studio Solution File, Format Version 12.00
# Visual Studio 15
VisualStudioVersion = 15.0.28307.136
MinimumVisualStudioVersion = 10.0.40219.1
Project("{FAE04EC0-301F-11D3-BF4B-00C04F79EFBC}") = "WpfApp1", "WpfApp1\WpfApp1.csproj", "{60E5E771-948C-48EC-87EC-EFC64FF4F333}"
EndProject
Project("{FAE04EC0-301F-11D3-BF4B-00C04F79EFBC}") = "WindowsFormsApp1", "WindowsFormsApp1\WindowsFormsApp1.csproj", "{C064D849-F111-4064-BCEF-F890BE9F96AA}"
EndProject
Global
	GlobalSection(SolutionConfigurationPlatforms) = preSolution
		Debug|Any CPU = Debug|Any CPU
		Debug|x64 = Debug|x64
		Debug|x86 = Debug|x86
		Release|Any CPU = Release|Any CPU
		Release|x64 = Release|x64
		Release|x86 = Release|x86
	EndGlobalSection
	GlobalSection(ProjectConfigurationPlatforms) = postSolution
		{60E5E771-948C-48EC-87EC-EFC64FF4F333}.Debug|Any CPU.ActiveCfg = Debug|Any CPU
		{60E5E771-948C-48EC-87EC-EFC64FF4F333}.Debug|Any CPU.Build.0 = Debug|Any CPU
		{60E5E771-948C-48EC-87EC-EFC64FF4F333}.Debug|x64.ActiveCfg = Debug|x64
		{60E5E771-948C-48EC-87EC-EFC64FF4F333}.Debug|x64.Build.0 = Debug|x64
		{60E5E771-948C-48EC-87EC-EFC64FF4F333}.Debug|x86.ActiveCfg = Debug|Any CPU
		{60E5E771-948C-48EC-87EC-EFC64FF4F333}.Debug|x86.Build.0 = Debug|Any CPU
		{60E5E771-948C-48EC-87EC-EFC64FF4F333}.Release|Any CPU.ActiveCfg = Release|Any CPU
		{60E5E771-948C-48EC-87EC-EFC64FF4F333}.Release|Any CPU.Build.0 = Release|Any CPU
		{60E5E771-948C-48EC-87EC-EFC64FF4F333}.Release|x64.ActiveCfg = Release|x64
		{60E5E771-948C-48EC-87EC-EFC64FF4F333}.Release|x64.Build.0 = Release|x64
		{60E5E771-948C-48EC-87EC-EFC64FF4F333}.Release|x86.ActiveCfg = Release|Any CPU
		{60E5E771-948C-48EC-87EC-EFC64FF4F333}.Release|x86.Build.0 = Release|Any CPU
		{C064D849-F111-4064-BCEF-F890BE9F96AA}.Debug|Any CPU.ActiveCfg = Debug|x86
		{C064D849-F111-4064-BCEF-F890BE9F96AA}.Debug|Any CPU.Build.0 = Debug|x86
		{C064D849-F111-4064-BCEF-F890BE9F96AA}.Debug|x64.ActiveCfg = Debug|Any CPU
		{C064D849-F111-4064-BCEF-F890BE9F96AA}.Debug|x64.Build.0 = Debug|Any CPU
		{C064D849-F111-4064-BCEF-F890BE9F96AA}.Debug|x86.ActiveCfg = Debug|x86
		{C064D849-F111-4064-BCEF-F890BE9F96AA}.Debug|x86.Build.0 = Debug|x86
		{C064D849-F111-4064-BCEF-F890BE9F96AA}.Release|Any CPU.ActiveCfg = Release|Any CPU
		{C064D849-F111-4064-BCEF-F890BE9F96AA}.Release|Any CPU.Build.0 = Release|Any CPU
		{C064D849-F111-4064-BCEF-F890BE9F96AA}.Release|x64.ActiveCfg = Release|Any CPU
		{C064D849-F111-4064-BCEF-F890BE9F96AA}.Release|x64.Build.0 = Release|Any CPU
		{C064D849-F111-4064-BCEF-F890BE9F96AA}.Release|x86.ActiveCfg = Release|Any CPU
		{C064D849-F111-4064-BCEF-F890BE9F96AA}.Release|x86.Build.0 = Release|Any CPU
	EndGlobalSection
	GlobalSection(SolutionProperties) = preSolution
		HideSolutionNode = FALSE
	EndGlobalSection
	GlobalSection(ExtensibilityGlobals) = postSolution
		SolutionGuid = {DE397659-813B-4866-BBFE-031AD23AE0DF}
	EndGlobalSection
EndGlobal
